
Microsoft Visual Studio Solution File, Format Version 12.00
# Visual Studio 15
VisualStudioVersion = 15.0.28307.1622
MinimumVisualStudioVersion = 10.0.40219.1
Project("{FAE04EC0-301F-11D3-BF4B-00C04F79EFBC}") = "cateringproject", "cateringproject\cateringproject.csproj", "{BA0BB5A2-98C4-4870-894F-8071BFC79552}"
EndProject
Global
	GlobalSection(SolutionConfigurationPlatforms) = preSolution
		Debug|Any CPU = Debug|Any CPU
		Release|Any CPU = Release|Any CPU
	EndGlobalSection
	GlobalSection(ProjectConfigurationPlatforms) = postSolution
		{BA0BB5A2-98C4-4870-894F-8071BFC79552}.Debug|Any CPU.ActiveCfg = Debug|Any CPU
		{BA0BB5A2-98C4-4870-894F-8071BFC79552}.Debug|Any CPU.Build.0 = Debug|Any CPU
		{BA0BB5A2-98C4-4870-894F-8071BFC79552}.Release|Any CPU.ActiveCfg = Release|Any CPU
		{BA0BB5A2-98C4-4870-894F-8071BFC79552}.Release|Any CPU.Build.0 = Release|Any CPU
	EndGlobalSection
	GlobalSection(SolutionProperties) = preSolution
		HideSolutionNode = FALSE
	EndGlobalSection
	GlobalSection(ExtensibilityGlobals) = postSolution
		SolutionGuid = {06F616EA-98BD-49EA-A6FE-735AC940A00F}
	EndGlobalSection
EndGlobal
